
Microsoft Visual Studio Solution File, Format Version 12.00
# Visual Studio 15
Project("{FAE04EC0-301F-11D3-BF4B-00C04F79EFBC}") = "MarginApp.Android", "MarginApp.Android\MarginApp.Android.csproj", "{14627F4A-4D99-4D58-903F-B2790F5C1AAB}"
EndProject
Project("{FAE04EC0-301F-11D3-BF4B-00C04F79EFBC}") = "MarginApp.iOS", "MarginApp.iOS\MarginApp.iOS.csproj", "{38327264-7C7E-498B-9F45-8F74A8268AB2}"
EndProject
Project("{FAE04EC0-301F-11D3-BF4B-00C04F79EFBC}") = "MarginApp", "MarginApp\MarginApp.csproj", "{FFFCF05E-632B-4B4E-BA34-DD497C70E583}"
EndProject
Global
	GlobalSection(SolutionConfigurationPlatforms) = preSolution
		Debug|Any CPU = Debug|Any CPU
		Release|Any CPU = Release|Any CPU
		Debug|iPhoneSimulator = Debug|iPhoneSimulator
		Release|iPhoneSimulator = Release|iPhoneSimulator
		Debug|iPhone = Debug|iPhone
		Release|iPhone = Release|iPhone
		Ad-Hoc|iPhone = Ad-Hoc|iPhone
		AppStore|iPhone = AppStore|iPhone
	EndGlobalSection
	GlobalSection(ProjectConfigurationPlatforms) = postSolution
		{14627F4A-4D99-4D58-903F-B2790F5C1AAB}.Debug|Any CPU.ActiveCfg = Debug|Any CPU
		{14627F4A-4D99-4D58-903F-B2790F5C1AAB}.Debug|Any CPU.Build.0 = Debug|Any CPU
		{14627F4A-4D99-4D58-903F-B2790F5C1AAB}.Release|Any CPU.ActiveCfg = Release|Any CPU
		{14627F4A-4D99-4D58-903F-B2790F5C1AAB}.Release|Any CPU.Build.0 = Release|Any CPU
		{14627F4A-4D99-4D58-903F-B2790F5C1AAB}.Debug|iPhoneSimulator.ActiveCfg = Debug|Any CPU
		{14627F4A-4D99-4D58-903F-B2790F5C1AAB}.Debug|iPhoneSimulator.Build.0 = Debug|Any CPU
		{14627F4A-4D99-4D58-903F-B2790F5C1AAB}.Release|iPhoneSimulator.ActiveCfg = Release|Any CPU
		{14627F4A-4D99-4D58-903F-B2790F5C1AAB}.Release|iPhoneSimulator.Build.0 = Release|Any CPU
		{14627F4A-4D99-4D58-903F-B2790F5C1AAB}.Debug|iPhone.ActiveCfg = Debug|Any CPU
		{14627F4A-4D99-4D58-903F-B2790F5C1AAB}.Debug|iPhone.Build.0 = Debug|Any CPU
		{14627F4A-4D99-4D58-903F-B2790F5C1AAB}.Release|iPhone.ActiveCfg = Release|Any CPU
		{14627F4A-4D99-4D58-903F-B2790F5C1AAB}.Release|iPhone.Build.0 = Release|Any CPU
		{14627F4A-4D99-4D58-903F-B2790F5C1AAB}.Ad-Hoc|iPhone.ActiveCfg = Debug|Any CPU
		{14627F4A-4D99-4D58-903F-B2790F5C1AAB}.Ad-Hoc|iPhone.Build.0 = Debug|Any CPU
		{14627F4A-4D99-4D58-903F-B2790F5C1AAB}.AppStore|iPhone.ActiveCfg = Debug|Any CPU
		{14627F4A-4D99-4D58-903F-B2790F5C1AAB}.AppStore|iPhone.Build.0 = Debug|Any CPU
		{38327264-7C7E-498B-9F45-8F74A8268AB2}.Debug|Any CPU.ActiveCfg = Debug|iPhoneSimulator
		{38327264-7C7E-498B-9F45-8F74A8268AB2}.Debug|Any CPU.Build.0 = Debug|iPhoneSimulator
		{38327264-7C7E-498B-9F45-8F74A8268AB2}.Release|Any CPU.ActiveCfg = Release|iPhoneSimulator
		{38327264-7C7E-498B-9F45-8F74A8268AB2}.Release|Any CPU.Build.0 = Release|iPhoneSimulator
		{38327264-7C7E-498B-9F45-8F74A8268AB2}.Debug|iPhoneSimulator.ActiveCfg = Debug|iPhoneSimulator
		{38327264-7C7E-498B-9F45-8F74A8268AB2}.Debug|iPhoneSimulator.Build.0 = Debug|iPhoneSimulator
		{38327264-7C7E-498B-9F45-8F74A8268AB2}.Release|iPhoneSimulator.ActiveCfg = Release|iPhoneSimulator
		{38327264-7C7E-498B-9F45-8F74A8268AB2}.Release|iPhoneSimulator.Build.0 = Release|iPhoneSimulator
		{38327264-7C7E-498B-9F45-8F74A8268AB2}.Debug|iPhone.ActiveCfg = Debug|iPhone
		{38327264-7C7E-498B-9F45-8F74A8268AB2}.Debug|iPhone.Build.0 = Debug|iPhone
		{38327264-7C7E-498B-9F45-8F74A8268AB2}.Release|iPhone.ActiveCfg = Release|iPhone
		{38327264-7C7E-498B-9F45-8F74A8268AB2}.Release|iPhone.Build.0 = Release|iPhone
		{38327264-7C7E-498B-9F45-8F74A8268AB2}.Ad-Hoc|iPhone.ActiveCfg = Ad-Hoc|iPhone
		{38327264-7C7E-498B-9F45-8F74A8268AB2}.Ad-Hoc|iPhone.Build.0 = Ad-Hoc|iPhone
		{38327264-7C7E-498B-9F45-8F74A8268AB2}.AppStore|iPhone.ActiveCfg = AppStore|iPhone
		{38327264-7C7E-498B-9F45-8F74A8268AB2}.AppStore|iPhone.Build.0 = AppStore|iPhone
		{FFFCF05E-632B-4B4E-BA34-DD497C70E583}.Debug|Any CPU.ActiveCfg = Debug|Any CPU
		{FFFCF05E-632B-4B4E-BA34-DD497C70E583}.Debug|Any CPU.Build.0 = Debug|Any CPU
		{FFFCF05E-632B-4B4E-BA34-DD497C70E583}.Release|Any CPU.ActiveCfg = Release|Any CPU
		{FFFCF05E-632B-4B4E-BA34-DD497C70E583}.Release|Any CPU.Build.0 = Release|Any CPU
		{FFFCF05E-632B-4B4E-BA34-DD497C70E583}.Debug|iPhoneSimulator.ActiveCfg = Debug|Any CPU
		{FFFCF05E-632B-4B4E-BA34-DD497C70E583}.Debug|iPhoneSimulator.Build.0 = Debug|Any CPU
		{FFFCF05E-632B-4B4E-BA34-DD497C70E583}.Release|iPhoneSimulator.ActiveCfg = Release|Any CPU
		{FFFCF05E-632B-4B4E-BA34-DD497C70E583}.Release|iPhoneSimulator.Build.0 = Release|Any CPU
		{FFFCF05E-632B-4B4E-BA34-DD497C70E583}.Debug|iPhone.ActiveCfg = Debug|Any CPU
		{FFFCF05E-632B-4B4E-BA34-DD497C70E583}.Debug|iPhone.Build.0 = Debug|Any CPU
		{FFFCF05E-632B-4B4E-BA34-DD497C70E583}.Release|iPhone.ActiveCfg = Release|Any CPU
		{FFFCF05E-632B-4B4E-BA34-DD497C70E583}.Release|iPhone.Build.0 = Release|Any CPU
		{FFFCF05E-632B-4B4E-BA34-DD497C70E583}.Ad-Hoc|iPhone.ActiveCfg = Debug|Any CPU
		{FFFCF05E-632B-4B4E-BA34-DD497C70E583}.Ad-Hoc|iPhone.Build.0 = Debug|Any CPU
		{FFFCF05E-632B-4B4E-BA34-DD497C70E583}.AppStore|iPhone.ActiveCfg = Debug|Any CPU
		{FFFCF05E-632B-4B4E-BA34-DD497C70E583}.AppStore|iPhone.Build.0 = Debug|Any CPU
	EndGlobalSection
EndGlobal
